
Microsoft Visual Studio Solution File, Format Version 11.00
# Visual Studio 2010
Project("{FAE04EC0-301F-11D3-BF4B-00C04F79EFBC}") = "Assembly-CSharp", "Assembly-CSharp.csproj", "{14b3dd98-749d-b89d-2c29-c12c8b3b2cb5}"
EndProject
Project("{FAE04EC0-301F-11D3-BF4B-00C04F79EFBC}") = "Unity.XR.Interaction.Toolkit.Samples.DeviceSimulator", "Unity.XR.Interaction.Toolkit.Samples.DeviceSimulator.csproj", "{b2f88f43-8b64-dbf3-0a12-b718d3e8b234}"
EndProject
Project("{FAE04EC0-301F-11D3-BF4B-00C04F79EFBC}") = "Unity.XR.Interaction.Toolkit.Samples.StarterAssets", "Unity.XR.Interaction.Toolkit.Samples.StarterAssets.csproj", "{32630d32-9e88-0cb6-b772-511ea546e8bc}"
EndProject
Project("{FAE04EC0-301F-11D3-BF4B-00C04F79EFBC}") = "Unity.XR.Interaction.Toolkit.Samples.StarterAssets.Editor", "Unity.XR.Interaction.Toolkit.Samples.StarterAssets.Editor.csproj", "{3584417b-14cc-7923-2ea7-5af31d304d31}"
EndProject
Global
	GlobalSection(SolutionConfigurationPlatforms) = preSolution
		Debug|Any CPU = Debug|Any CPU
	EndGlobalSection
	GlobalSection(ProjectConfigurationPlatforms) = postSolution
		{14b3dd98-749d-b89d-2c29-c12c8b3b2cb5}.Debug|Any CPU.ActiveCfg = Debug|Any CPU
		{14b3dd98-749d-b89d-2c29-c12c8b3b2cb5}.Debug|Any CPU.Build.0 = Debug|Any CPU
		{b2f88f43-8b64-dbf3-0a12-b718d3e8b234}.Debug|Any CPU.ActiveCfg = Debug|Any CPU
		{b2f88f43-8b64-dbf3-0a12-b718d3e8b234}.Debug|Any CPU.Build.0 = Debug|Any CPU
		{32630d32-9e88-0cb6-b772-511ea546e8bc}.Debug|Any CPU.ActiveCfg = Debug|Any CPU
		{32630d32-9e88-0cb6-b772-511ea546e8bc}.Debug|Any CPU.Build.0 = Debug|Any CPU
		{3584417b-14cc-7923-2ea7-5af31d304d31}.Debug|Any CPU.ActiveCfg = Debug|Any CPU
		{3584417b-14cc-7923-2ea7-5af31d304d31}.Debug|Any CPU.Build.0 = Debug|Any CPU
	EndGlobalSection
	GlobalSection(SolutionProperties) = preSolution
		HideSolutionNode = FALSE
	EndGlobalSection
EndGlobal
